// !$*UTF8*$!
{
	archiveVersion = 1;
	classes = {
	};
	objectVersion = 46;
	objects = {

/* Begin PBXAggregateTarget section */
		"DataStructures::DataStructuresPackageTests::ProductTarget" /* DataStructuresPackageTests */ = {
			isa = PBXAggregateTarget;
			buildConfigurationList = OBJ_28 /* Build configuration list for PBXAggregateTarget "DataStructuresPackageTests" */;
			buildPhases = (
			);
			dependencies = (
				OBJ_31 /* PBXTargetDependency */,
			);
			name = DataStructuresPackageTests;
			productName = DataStructuresPackageTests;
		};
/* End PBXAggregateTarget section */

/* Begin PBXBuildFile section */
		0ABC822E21E86A5A0008D749 /* Stack.swift in Sources */ = {isa = PBXBuildFile; fileRef = 0ABC822D21E86A5A0008D749 /* Stack.swift */; };
		0ABC823121E86AC90008D749 /* StackTestCase.swift in Sources */ = {isa = PBXBuildFile; fileRef = 0ABC822F21E86AB20008D749 /* StackTestCase.swift */; };
		DE01D13527EA1B0F00F611CB /* RangeSumOfBST.swift in Sources */ = {isa = PBXBuildFile; fileRef = DE01D13427EA1B0F00F611CB /* RangeSumOfBST.swift */; };
		DE27718127CB09880023ACA2 /* MergeSort.swift in Sources */ = {isa = PBXBuildFile; fileRef = DE27718027CB09880023ACA2 /* MergeSort.swift */; };
		DE318E0A27CD1F6B00C78F0A /* MaximumProductDifferenceBetweenTwoPairs.swift in Sources */ = {isa = PBXBuildFile; fileRef = DE318E0927CD1F6B00C78F0A /* MaximumProductDifferenceBetweenTwoPairs.swift */; };
		DE3405442DF80501007919D8 /* Graph+AdjacencyList.swift in Sources */ = {isa = PBXBuildFile; fileRef = DE3405432DF80501007919D8 /* Graph+AdjacencyList.swift */; };
		DE3DF77E27BF39DA003D8CB3 /* SortingAlgorithms.swift in Sources */ = {isa = PBXBuildFile; fileRef = DE3DF77D27BF39DA003D8CB3 /* SortingAlgorithms.swift */; };
		DE3DF78027BF3CE3003D8CB3 /* SortingTestCase.swift in Sources */ = {isa = PBXBuildFile; fileRef = DE3DF77F27BF3CE3003D8CB3 /* SortingTestCase.swift */; };
		DE44547827E7707700D13EF5 /* CountNegativeNumbersInASortedMatrix.swift in Sources */ = {isa = PBXBuildFile; fileRef = DE44547727E7707700D13EF5 /* CountNegativeNumbersInASortedMatrix.swift */; };
		DE4513AD27D734B400D243FA /* BinaryTree.swift in Sources */ = {isa = PBXBuildFile; fileRef = DE4513AC27D734B400D243FA /* BinaryTree.swift */; };
		DE4513AF27D735EE00D243FA /* BinaryTreeTestCase.swift in Sources */ = {isa = PBXBuildFile; fileRef = DE4513AE27D735EE00D243FA /* BinaryTreeTestCase.swift */; };
		DE4513B027D7360600D243FA /* BinaryTree.swift in Sources */ = {isa = PBXBuildFile; fileRef = DE4513AC27D734B400D243FA /* BinaryTree.swift */; };
		DE47D45F28031DAE00082AEB /* Graph.swift in Sources */ = {isa = PBXBuildFile; fileRef = DE47D45E28031DAE00082AEB /* Graph.swift */; };
		DE47D4622803208800082AEB /* drawSquare.swift in Sources */ = {isa = PBXBuildFile; fileRef = DE47D4612803208800082AEB /* drawSquare.swift */; };
		DE47D4642803208F00082AEB /* makeCommonMultipleNumber.swift in Sources */ = {isa = PBXBuildFile; fileRef = DE47D4632803208F00082AEB /* makeCommonMultipleNumber.swift */; };
		DE47D4662803209500082AEB /* sumMatrix.swift in Sources */ = {isa = PBXBuildFile; fileRef = DE47D4652803209500082AEB /* sumMatrix.swift */; };
		DE47D4682803209A00082AEB /* hidePhoneNumber.swift in Sources */ = {isa = PBXBuildFile; fileRef = DE47D4672803209A00082AEB /* hidePhoneNumber.swift */; };
		DE47D46A2803209F00082AEB /* HashadNumber.swift in Sources */ = {isa = PBXBuildFile; fileRef = DE47D4692803209F00082AEB /* HashadNumber.swift */; };
		DE47D46C280320A400082AEB /* CalculateAverage.swift in Sources */ = {isa = PBXBuildFile; fileRef = DE47D46B280320A400082AEB /* CalculateAverage.swift */; };
		DE47D46E280320A900082AEB /* CollazSpectation.swift in Sources */ = {isa = PBXBuildFile; fileRef = DE47D46D280320A900082AEB /* CollazSpectation.swift */; };
		DE47D470280320AE00082AEB /* GCDLCM.swift in Sources */ = {isa = PBXBuildFile; fileRef = DE47D46F280320AE00082AEB /* GCDLCM.swift */; };
		DE47D472280320B200082AEB /* InspectEvenOrOdd.swift in Sources */ = {isa = PBXBuildFile; fileRef = DE47D471280320B200082AEB /* InspectEvenOrOdd.swift */; };
		DE47D474280320B700082AEB /* RemoveMinimumValue.swift in Sources */ = {isa = PBXBuildFile; fileRef = DE47D473280320B700082AEB /* RemoveMinimumValue.swift */; };
		DE47D476280320BB00082AEB /* FindRoot.swift in Sources */ = {isa = PBXBuildFile; fileRef = DE47D475280320BB00082AEB /* FindRoot.swift */; };
		DE47D478280320C000082AEB /* ArrangeNumber.swift in Sources */ = {isa = PBXBuildFile; fileRef = DE47D477280320C000082AEB /* ArrangeNumber.swift */; };
		DE47D71427CDC34600E727F3 /* FindTargetIndicesAfterSortingArray .swift in Sources */ = {isa = PBXBuildFile; fileRef = DE47D71327CDC34600E727F3 /* FindTargetIndicesAfterSortingArray .swift */; };
		DE47D71827CDC6D200E727F3 /* ArrayPartition1.swift in Sources */ = {isa = PBXBuildFile; fileRef = DE47D71727CDC6D200E727F3 /* ArrayPartition1.swift */; };
		DE6DF1992803BA43009CCD4C /* FindCenterOfStarGraph.swift in Sources */ = {isa = PBXBuildFile; fileRef = DE6DF1982803BA43009CCD4C /* FindCenterOfStarGraph.swift */; };
		DE6DF1A3280451FB009CCD4C /* AdjancencyList.swift in Sources */ = {isa = PBXBuildFile; fileRef = DE6DF1A2280451FB009CCD4C /* AdjancencyList.swift */; };
		DE6DF1A528045213009CCD4C /* AdjacencyListTestCase.swift in Sources */ = {isa = PBXBuildFile; fileRef = DE6DF1A428045213009CCD4C /* AdjacencyListTestCase.swift */; };
		DE723BF42815215400C588B7 /* 체육복.swift in Sources */ = {isa = PBXBuildFile; fileRef = DE723BF32815215400C588B7 /* 체육복.swift */; };
		DE7C0DD928087C3400530243 /* 신고 결과 받기.swift in Sources */ = {isa = PBXBuildFile; fileRef = DE7C0DD828087C3400530243 /* 신고 결과 받기.swift */; };
		DE821646280C47D9006E3358 /* 신규 아이디 추천.swift in Sources */ = {isa = PBXBuildFile; fileRef = DE821645280C47D9006E3358 /* 신규 아이디 추천.swift */; };
		DE8AE6DF280F984C0037D636 /* 다트 게임.swift in Sources */ = {isa = PBXBuildFile; fileRef = DE8AE6DE280F984C0037D636 /* 다트 게임.swift */; };
		DE8D4AD427BBE7A800E5C6A9 /* ChallengeTestCaseQueue.swift in Sources */ = {isa = PBXBuildFile; fileRef = DE8D4AD327BBE7A800E5C6A9 /* ChallengeTestCaseQueue.swift */; };
		DE9353C627F2026F00D3A172 /* Heap.swift in Sources */ = {isa = PBXBuildFile; fileRef = DE9353C527F2026F00D3A172 /* Heap.swift */; };
		DE9353CA27F2084000D3A172 /* HeapTestCase.swift in Sources */ = {isa = PBXBuildFile; fileRef = DE9353C927F2084000D3A172 /* HeapTestCase.swift */; };
		DE9353CD27F20BE100D3A172 /* MaximumProductOfTwoElementsInAnArray.swift in Sources */ = {isa = PBXBuildFile; fileRef = DE9353CC27F20BE100D3A172 /* MaximumProductOfTwoElementsInAnArray.swift */; };
		DE9353CF27F2101800D3A172 /* LastStoneWeight.swift in Sources */ = {isa = PBXBuildFile; fileRef = DE9353CE27F2101800D3A172 /* LastStoneWeight.swift */; };
		DE9353D127F2120700D3A172 /* RelativeRanks.swift in Sources */ = {isa = PBXBuildFile; fileRef = DE9353D027F2120600D3A172 /* RelativeRanks.swift */; };
		DE94B9CA27CD1B5F00CA4517 /* MinimumNumberOfMovesToSeatEveryone.swift in Sources */ = {isa = PBXBuildFile; fileRef = DE94B9C927CD1B5F00CA4517 /* MinimumNumberOfMovesToSeatEveryone.swift */; };
		DE9E433027BA854800A6B21E /* ChallengeTestCase.swift in Sources */ = {isa = PBXBuildFile; fileRef = DE9E432F27BA854800A6B21E /* ChallengeTestCase.swift */; };
		DE9E433227BA8B2800A6B21E /* Queue.swift in Sources */ = {isa = PBXBuildFile; fileRef = DE9E433127BA8B2800A6B21E /* Queue.swift */; };
		DE9E433427BA8DC200A6B21E /* QueueTestCase.swift in Sources */ = {isa = PBXBuildFile; fileRef = DE9E433327BA8DC200A6B21E /* QueueTestCase.swift */; };
		DEAE81B027E8B8F600667AFA /* TheKWeakestRowsInAMatrix.swift in Sources */ = {isa = PBXBuildFile; fileRef = DEAE81AF27E8B8F600667AFA /* TheKWeakestRowsInAMatrix.swift */; };
		DEB434222E2CA9570052C52D /* 프린터큐.swift in Sources */ = {isa = PBXBuildFile; fileRef = DEB434212E2CA9570052C52D /* 프린터큐.swift */; };
		DECDE8952E12B16F005B6BC2 /* 배달.swift in Sources */ = {isa = PBXBuildFile; fileRef = DECDE8942E12B16F005B6BC2 /* 배달.swift */; };
		DED556E0280D7102006918E2 /* 숫자 문자열과 영단어.swift in Sources */ = {isa = PBXBuildFile; fileRef = DED556DF280D7102006918E2 /* 숫자 문자열과 영단어.swift */; };
		DED556E2280D9B00006918E2 /* 부족한 금액 계산하기.swift in Sources */ = {isa = PBXBuildFile; fileRef = DED556E1280D9B00006918E2 /* 부족한 금액 계산하기.swift */; };
		DED7F50B27DF25E100B0D46A /* BinarySearch.swift in Sources */ = {isa = PBXBuildFile; fileRef = DED7F50A27DF25E100B0D46A /* BinarySearch.swift */; };
		DED7F50D27DF2BC800B0D46A /* BinarySearchTestCase.swift in Sources */ = {isa = PBXBuildFile; fileRef = DED7F50C27DF2BC800B0D46A /* BinarySearchTestCase.swift */; };
		DEDBFC55280931A500B5D1E4 /* FindTheTownJudge.swift in Sources */ = {isa = PBXBuildFile; fileRef = DEDBFC54280931A400B5D1E4 /* FindTheTownJudge.swift */; };
		DEDBFC572809445700B5D1E4 /* FindIfPathExistsInGraph.swift in Sources */ = {isa = PBXBuildFile; fileRef = DEDBFC562809445700B5D1E4 /* FindIfPathExistsInGraph.swift */; };
		DEF107022DFAFC6E00C6884D /* BFSandDFS.swift in Sources */ = {isa = PBXBuildFile; fileRef = DEF107012DFAFC6E00C6884D /* BFSandDFS.swift */; };
		DEF107192DFB0EEE00C6884D /* 미로탐색.swift in Sources */ = {isa = PBXBuildFile; fileRef = DEF107182DFB0EEE00C6884D /* 미로탐색.swift */; };
		DEF107252DFE4A8700C6884D /* 부분수열의 합.swift in Sources */ = {isa = PBXBuildFile; fileRef = DEF107242DFE4A8700C6884D /* 부분수열의 합.swift */; };
		DEF107282DFE5D7300C6884D /* 타겟넘버.swift in Sources */ = {isa = PBXBuildFile; fileRef = DEF107272DFE5D7300C6884D /* 타겟넘버.swift */; };
		DEF1072A2DFE9F7100C6884D /* 네트워크.swift in Sources */ = {isa = PBXBuildFile; fileRef = DEF107292DFE9F7100C6884D /* 네트워크.swift */; };
		DEF107522E02E38A00C6884D /* 단어변환.swift in Sources */ = {isa = PBXBuildFile; fileRef = DEF107512E02E38A00C6884D /* 단어변환.swift */; };
		OBJ_26 /* Package.swift in Sources */ = {isa = PBXBuildFile; fileRef = OBJ_6 /* Package.swift */; };
		OBJ_39 /* DataStructures.framework in Frameworks */ = {isa = PBXBuildFile; fileRef = "DataStructures::DataStructures::Product" /* DataStructures.framework */; };
/* End PBXBuildFile section */

/* Begin PBXContainerItemProxy section */
		0ABC822B21E86A4B0008D749 /* PBXContainerItemProxy */ = {
			isa = PBXContainerItemProxy;
			containerPortal = OBJ_1 /* Project object */;
			proxyType = 1;
			remoteGlobalIDString = "DataStructures::DataStructures";
			remoteInfo = DataStructures;
		};
		0ABC822C21E86A4C0008D749 /* PBXContainerItemProxy */ = {
			isa = PBXContainerItemProxy;
			containerPortal = OBJ_1 /* Project object */;
			proxyType = 1;
			remoteGlobalIDString = "DataStructures::DataStructuresTests";
			remoteInfo = DataStructuresTests;
		};
/* End PBXContainerItemProxy section */

/* Begin PBXFileReference section */
		0ABC822D21E86A5A0008D749 /* Stack.swift */ = {isa = PBXFileReference; lastKnownFileType = sourcecode.swift; path = Stack.swift; sourceTree = "<group>"; };
		0ABC822F21E86AB20008D749 /* StackTestCase.swift */ = {isa = PBXFileReference; lastKnownFileType = sourcecode.swift; path = StackTestCase.swift; sourceTree = "<group>"; };
		DE01D13427EA1B0F00F611CB /* RangeSumOfBST.swift */ = {isa = PBXFileReference; lastKnownFileType = sourcecode.swift; path = RangeSumOfBST.swift; sourceTree = "<group>"; };
		DE27718027CB09880023ACA2 /* MergeSort.swift */ = {isa = PBXFileReference; lastKnownFileType = sourcecode.swift; path = MergeSort.swift; sourceTree = "<group>"; };
		DE318E0927CD1F6B00C78F0A /* MaximumProductDifferenceBetweenTwoPairs.swift */ = {isa = PBXFileReference; lastKnownFileType = sourcecode.swift; path = MaximumProductDifferenceBetweenTwoPairs.swift; sourceTree = "<group>"; };
		DE3405432DF80501007919D8 /* Graph+AdjacencyList.swift */ = {isa = PBXFileReference; lastKnownFileType = sourcecode.swift; path = "Graph+AdjacencyList.swift"; sourceTree = "<group>"; };
		DE3DF77D27BF39DA003D8CB3 /* SortingAlgorithms.swift */ = {isa = PBXFileReference; lastKnownFileType = sourcecode.swift; path = SortingAlgorithms.swift; sourceTree = "<group>"; };
		DE3DF77F27BF3CE3003D8CB3 /* SortingTestCase.swift */ = {isa = PBXFileReference; lastKnownFileType = sourcecode.swift; path = SortingTestCase.swift; sourceTree = "<group>"; };
		DE44547727E7707700D13EF5 /* CountNegativeNumbersInASortedMatrix.swift */ = {isa = PBXFileReference; lastKnownFileType = sourcecode.swift; path = CountNegativeNumbersInASortedMatrix.swift; sourceTree = "<group>"; };
		DE4513AC27D734B400D243FA /* BinaryTree.swift */ = {isa = PBXFileReference; lastKnownFileType = sourcecode.swift; path = BinaryTree.swift; sourceTree = "<group>"; };
		DE4513AE27D735EE00D243FA /* BinaryTreeTestCase.swift */ = {isa = PBXFileReference; lastKnownFileType = sourcecode.swift; path = BinaryTreeTestCase.swift; sourceTree = "<group>"; };
		DE47D45E28031DAE00082AEB /* Graph.swift */ = {isa = PBXFileReference; lastKnownFileType = sourcecode.swift; path = Graph.swift; sourceTree = "<group>"; };
		DE47D4612803208800082AEB /* drawSquare.swift */ = {isa = PBXFileReference; fileEncoding = 4; lastKnownFileType = sourcecode.swift; path = drawSquare.swift; sourceTree = "<group>"; };
		DE47D4632803208F00082AEB /* makeCommonMultipleNumber.swift */ = {isa = PBXFileReference; fileEncoding = 4; lastKnownFileType = sourcecode.swift; path = makeCommonMultipleNumber.swift; sourceTree = "<group>"; };
		DE47D4652803209500082AEB /* sumMatrix.swift */ = {isa = PBXFileReference; fileEncoding = 4; lastKnownFileType = sourcecode.swift; path = sumMatrix.swift; sourceTree = "<group>"; };
		DE47D4672803209A00082AEB /* hidePhoneNumber.swift */ = {isa = PBXFileReference; fileEncoding = 4; lastKnownFileType = sourcecode.swift; path = hidePhoneNumber.swift; sourceTree = "<group>"; };
		DE47D4692803209F00082AEB /* HashadNumber.swift */ = {isa = PBXFileReference; fileEncoding = 4; lastKnownFileType = sourcecode.swift; path = HashadNumber.swift; sourceTree = "<group>"; };
		DE47D46B280320A400082AEB /* CalculateAverage.swift */ = {isa = PBXFileReference; fileEncoding = 4; lastKnownFileType = sourcecode.swift; path = CalculateAverage.swift; sourceTree = "<group>"; };
		DE47D46D280320A900082AEB /* CollazSpectation.swift */ = {isa = PBXFileReference; fileEncoding = 4; lastKnownFileType = sourcecode.swift; path = CollazSpectation.swift; sourceTree = "<group>"; };
		DE47D46F280320AE00082AEB /* GCDLCM.swift */ = {isa = PBXFileReference; fileEncoding = 4; lastKnownFileType = sourcecode.swift; path = GCDLCM.swift; sourceTree = "<group>"; };
		DE47D471280320B200082AEB /* InspectEvenOrOdd.swift */ = {isa = PBXFileReference; fileEncoding = 4; lastKnownFileType = sourcecode.swift; path = InspectEvenOrOdd.swift; sourceTree = "<group>"; };
		DE47D473280320B700082AEB /* RemoveMinimumValue.swift */ = {isa = PBXFileReference; fileEncoding = 4; lastKnownFileType = sourcecode.swift; path = RemoveMinimumValue.swift; sourceTree = "<group>"; };
		DE47D475280320BB00082AEB /* FindRoot.swift */ = {isa = PBXFileReference; fileEncoding = 4; lastKnownFileType = sourcecode.swift; path = FindRoot.swift; sourceTree = "<group>"; };
		DE47D477280320C000082AEB /* ArrangeNumber.swift */ = {isa = PBXFileReference; fileEncoding = 4; lastKnownFileType = sourcecode.swift; path = ArrangeNumber.swift; sourceTree = "<group>"; };
		DE47D47B2803210000082AEB /* NumberOfStudentsUnableToEatLunch.swift */ = {isa = PBXFileReference; lastKnownFileType = sourcecode.swift; path = NumberOfStudentsUnableToEatLunch.swift; sourceTree = "<group>"; };
		DE47D47C2803210000082AEB /* ImplementStackUsingQueues.swift */ = {isa = PBXFileReference; lastKnownFileType = sourcecode.swift; path = ImplementStackUsingQueues.swift; sourceTree = "<group>"; };
		DE47D47D2803210000082AEB /* TimeNeededToBuyTickets.swift */ = {isa = PBXFileReference; lastKnownFileType = sourcecode.swift; path = TimeNeededToBuyTickets.swift; sourceTree = "<group>"; };
		DE47D47E2803210000082AEB /* ImplementQueueUsingStack.swift */ = {isa = PBXFileReference; lastKnownFileType = sourcecode.swift; path = ImplementQueueUsingStack.swift; sourceTree = "<group>"; };
		DE47D47F2803210000082AEB /* NumberOfRecentCalls.swift */ = {isa = PBXFileReference; lastKnownFileType = sourcecode.swift; path = NumberOfRecentCalls.swift; sourceTree = "<group>"; };
		DE47D4812803210700082AEB /* MaximumNestingDepthOfTheParentheses.swift */ = {isa = PBXFileReference; lastKnownFileType = sourcecode.swift; path = MaximumNestingDepthOfTheParentheses.swift; sourceTree = "<group>"; };
		DE47D4822803210700082AEB /* BuildAnArrayWithStackOperations.swift */ = {isa = PBXFileReference; lastKnownFileType = sourcecode.swift; path = BuildAnArrayWithStackOperations.swift; sourceTree = "<group>"; };
		DE47D4832803210700082AEB /* FinalPricesWithASpecialDiscountInAShop.swift */ = {isa = PBXFileReference; lastKnownFileType = sourcecode.swift; path = FinalPricesWithASpecialDiscountInAShop.swift; sourceTree = "<group>"; };
		DE47D4842803210700082AEB /* RemoveOutermostParentheses.swift */ = {isa = PBXFileReference; lastKnownFileType = sourcecode.swift; path = RemoveOutermostParentheses.swift; sourceTree = "<group>"; };
		DE47D4852803210700082AEB /* RemoveAllAdjacentDuplicatesInString.swift */ = {isa = PBXFileReference; lastKnownFileType = sourcecode.swift; path = RemoveAllAdjacentDuplicatesInString.swift; sourceTree = "<group>"; };
		DE47D4872803211500082AEB /* MergeTwoSortedLists.swift */ = {isa = PBXFileReference; lastKnownFileType = sourcecode.swift; path = MergeTwoSortedLists.swift; sourceTree = "<group>"; };
		DE47D4882803211500082AEB /* MiddleOfTheLinkedList.swift */ = {isa = PBXFileReference; lastKnownFileType = sourcecode.swift; path = MiddleOfTheLinkedList.swift; sourceTree = "<group>"; };
		DE47D4892803211500082AEB /* ConvertBinaryNumberInALinkedListToInteger.swift */ = {isa = PBXFileReference; lastKnownFileType = sourcecode.swift; path = ConvertBinaryNumberInALinkedListToInteger.swift; sourceTree = "<group>"; };
		DE47D48A2803211500082AEB /* DeleteNodeInALinkedList.swift */ = {isa = PBXFileReference; lastKnownFileType = sourcecode.swift; path = DeleteNodeInALinkedList.swift; sourceTree = "<group>"; };
		DE47D48B2803211500082AEB /* ReverseLinkedList.swift */ = {isa = PBXFileReference; lastKnownFileType = sourcecode.swift; path = ReverseLinkedList.swift; sourceTree = "<group>"; };
		DE47D48D2803211900082AEB /* RunningSumOf1DArray.swift */ = {isa = PBXFileReference; lastKnownFileType = sourcecode.swift; path = RunningSumOf1DArray.swift; sourceTree = "<group>"; };
		DE47D48E2803211900082AEB /* ConcatenationOfArray.swift */ = {isa = PBXFileReference; lastKnownFileType = sourcecode.swift; path = ConcatenationOfArray.swift; sourceTree = "<group>"; };
		DE47D48F2803211900082AEB /* FinalValueOfVariableAfterPerformingOperations.swift */ = {isa = PBXFileReference; lastKnownFileType = sourcecode.swift; path = FinalValueOfVariableAfterPerformingOperations.swift; sourceTree = "<group>"; };
		DE47D4902803211900082AEB /* BuildArrayFromPermutation.swift */ = {isa = PBXFileReference; lastKnownFileType = sourcecode.swift; path = BuildArrayFromPermutation.swift; sourceTree = "<group>"; };
		DE47D4912803211900082AEB /* MaximumNumberOfWordsFoundInSentence.swift */ = {isa = PBXFileReference; lastKnownFileType = sourcecode.swift; path = MaximumNumberOfWordsFoundInSentence.swift; sourceTree = "<group>"; };
		DE47D71327CDC34600E727F3 /* FindTargetIndicesAfterSortingArray .swift */ = {isa = PBXFileReference; lastKnownFileType = sourcecode.swift; path = "FindTargetIndicesAfterSortingArray .swift"; sourceTree = "<group>"; };
		DE47D71727CDC6D200E727F3 /* ArrayPartition1.swift */ = {isa = PBXFileReference; lastKnownFileType = sourcecode.swift; path = ArrayPartition1.swift; sourceTree = "<group>"; };
		DE6DF1982803BA43009CCD4C /* FindCenterOfStarGraph.swift */ = {isa = PBXFileReference; lastKnownFileType = sourcecode.swift; path = FindCenterOfStarGraph.swift; sourceTree = "<group>"; };
		DE6DF1A2280451FB009CCD4C /* AdjancencyList.swift */ = {isa = PBXFileReference; lastKnownFileType = sourcecode.swift; path = AdjancencyList.swift; sourceTree = "<group>"; };
		DE6DF1A428045213009CCD4C /* AdjacencyListTestCase.swift */ = {isa = PBXFileReference; lastKnownFileType = sourcecode.swift; path = AdjacencyListTestCase.swift; sourceTree = "<group>"; };
		DE723BF32815215400C588B7 /* 체육복.swift */ = {isa = PBXFileReference; lastKnownFileType = sourcecode.swift; path = "체육복.swift"; sourceTree = "<group>"; };
		DE7C0DD828087C3400530243 /* 신고 결과 받기.swift */ = {isa = PBXFileReference; lastKnownFileType = sourcecode.swift; path = "신고 결과 받기.swift"; sourceTree = "<group>"; };
		DE821645280C47D9006E3358 /* 신규 아이디 추천.swift */ = {isa = PBXFileReference; lastKnownFileType = sourcecode.swift; path = "신규 아이디 추천.swift"; sourceTree = "<group>"; };
		DE8AE6DE280F984C0037D636 /* 다트 게임.swift */ = {isa = PBXFileReference; lastKnownFileType = sourcecode.swift; path = "다트 게임.swift"; sourceTree = "<group>"; };
		DE8D4AD327BBE7A800E5C6A9 /* ChallengeTestCaseQueue.swift */ = {isa = PBXFileReference; lastKnownFileType = sourcecode.swift; path = ChallengeTestCaseQueue.swift; sourceTree = "<group>"; };
		DE9353C527F2026F00D3A172 /* Heap.swift */ = {isa = PBXFileReference; lastKnownFileType = sourcecode.swift; path = Heap.swift; sourceTree = "<group>"; };
		DE9353C927F2084000D3A172 /* HeapTestCase.swift */ = {isa = PBXFileReference; lastKnownFileType = sourcecode.swift; path = HeapTestCase.swift; sourceTree = "<group>"; };
		DE9353CC27F20BE100D3A172 /* MaximumProductOfTwoElementsInAnArray.swift */ = {isa = PBXFileReference; lastKnownFileType = sourcecode.swift; path = MaximumProductOfTwoElementsInAnArray.swift; sourceTree = "<group>"; };
		DE9353CE27F2101800D3A172 /* LastStoneWeight.swift */ = {isa = PBXFileReference; lastKnownFileType = sourcecode.swift; path = LastStoneWeight.swift; sourceTree = "<group>"; };
		DE9353D027F2120600D3A172 /* RelativeRanks.swift */ = {isa = PBXFileReference; lastKnownFileType = sourcecode.swift; path = RelativeRanks.swift; sourceTree = "<group>"; };
		DE94B9C927CD1B5F00CA4517 /* MinimumNumberOfMovesToSeatEveryone.swift */ = {isa = PBXFileReference; lastKnownFileType = sourcecode.swift; path = MinimumNumberOfMovesToSeatEveryone.swift; sourceTree = "<group>"; };
		DE9E432F27BA854800A6B21E /* ChallengeTestCase.swift */ = {isa = PBXFileReference; lastKnownFileType = sourcecode.swift; path = ChallengeTestCase.swift; sourceTree = "<group>"; };
		DE9E433127BA8B2800A6B21E /* Queue.swift */ = {isa = PBXFileReference; lastKnownFileType = sourcecode.swift; path = Queue.swift; sourceTree = "<group>"; };
		DE9E433327BA8DC200A6B21E /* QueueTestCase.swift */ = {isa = PBXFileReference; lastKnownFileType = sourcecode.swift; path = QueueTestCase.swift; sourceTree = "<group>"; };
		DEAE81AF27E8B8F600667AFA /* TheKWeakestRowsInAMatrix.swift */ = {isa = PBXFileReference; lastKnownFileType = sourcecode.swift; path = TheKWeakestRowsInAMatrix.swift; sourceTree = "<group>"; };
		DEB434212E2CA9570052C52D /* 프린터큐.swift */ = {isa = PBXFileReference; lastKnownFileType = sourcecode.swift; path = "프린터큐.swift"; sourceTree = "<group>"; };
		DECDE8942E12B16F005B6BC2 /* 배달.swift */ = {isa = PBXFileReference; lastKnownFileType = sourcecode.swift; path = "배달.swift"; sourceTree = "<group>"; };
		DED556DF280D7102006918E2 /* 숫자 문자열과 영단어.swift */ = {isa = PBXFileReference; lastKnownFileType = sourcecode.swift; path = "숫자 문자열과 영단어.swift"; sourceTree = "<group>"; };
		DED556E1280D9B00006918E2 /* 부족한 금액 계산하기.swift */ = {isa = PBXFileReference; lastKnownFileType = sourcecode.swift; path = "부족한 금액 계산하기.swift"; sourceTree = "<group>"; };
		DED7F50A27DF25E100B0D46A /* BinarySearch.swift */ = {isa = PBXFileReference; lastKnownFileType = sourcecode.swift; path = BinarySearch.swift; sourceTree = "<group>"; };
		DED7F50C27DF2BC800B0D46A /* BinarySearchTestCase.swift */ = {isa = PBXFileReference; lastKnownFileType = sourcecode.swift; path = BinarySearchTestCase.swift; sourceTree = "<group>"; };
		DEDBFC54280931A400B5D1E4 /* FindTheTownJudge.swift */ = {isa = PBXFileReference; lastKnownFileType = sourcecode.swift; path = FindTheTownJudge.swift; sourceTree = "<group>"; };
		DEDBFC562809445700B5D1E4 /* FindIfPathExistsInGraph.swift */ = {isa = PBXFileReference; lastKnownFileType = sourcecode.swift; path = FindIfPathExistsInGraph.swift; sourceTree = "<group>"; };
		DEF107012DFAFC6E00C6884D /* BFSandDFS.swift */ = {isa = PBXFileReference; lastKnownFileType = sourcecode.swift; path = BFSandDFS.swift; sourceTree = "<group>"; };
		DEF107182DFB0EEE00C6884D /* 미로탐색.swift */ = {isa = PBXFileReference; lastKnownFileType = sourcecode.swift; path = "미로탐색.swift"; sourceTree = "<group>"; };
		DEF107242DFE4A8700C6884D /* 부분수열의 합.swift */ = {isa = PBXFileReference; lastKnownFileType = sourcecode.swift; path = "부분수열의 합.swift"; sourceTree = "<group>"; };
		DEF107272DFE5D7300C6884D /* 타겟넘버.swift */ = {isa = PBXFileReference; lastKnownFileType = sourcecode.swift; path = "타겟넘버.swift"; sourceTree = "<group>"; };
		DEF107292DFE9F7100C6884D /* 네트워크.swift */ = {isa = PBXFileReference; lastKnownFileType = sourcecode.swift; path = "네트워크.swift"; sourceTree = "<group>"; };
		DEF107512E02E38A00C6884D /* 단어변환.swift */ = {isa = PBXFileReference; lastKnownFileType = sourcecode.swift; path = "단어변환.swift"; sourceTree = "<group>"; };
		"DataStructures::DataStructures::Product" /* DataStructures.framework */ = {isa = PBXFileReference; lastKnownFileType = wrapper.framework; path = DataStructures.framework; sourceTree = BUILT_PRODUCTS_DIR; };
		"DataStructures::DataStructuresTests::Product" /* DataStructuresTests.xctest */ = {isa = PBXFileReference; lastKnownFileType = file; path = DataStructuresTests.xctest; sourceTree = BUILT_PRODUCTS_DIR; };
		OBJ_6 /* Package.swift */ = {isa = PBXFileReference; explicitFileType = sourcecode.swift; path = Package.swift; sourceTree = "<group>"; };
/* End PBXFileReference section */

/* Begin PBXFrameworksBuildPhase section */
		OBJ_20 /* Frameworks */ = {
			isa = PBXFrameworksBuildPhase;
			buildActionMask = 0;
			files = (
			);
			runOnlyForDeploymentPostprocessing = 0;
		};
		OBJ_38 /* Frameworks */ = {
			isa = PBXFrameworksBuildPhase;
			buildActionMask = 0;
			files = (
				OBJ_39 /* DataStructures.framework in Frameworks */,
			);
			runOnlyForDeploymentPostprocessing = 0;
		};
/* End PBXFrameworksBuildPhase section */

/* Begin PBXGroup section */
		DE01D13327EA1B0100F611CB /* Tree */ = {
			isa = PBXGroup;
			children = (
				DE01D13427EA1B0F00F611CB /* RangeSumOfBST.swift */,
			);
			path = Tree;
			sourceTree = "<group>";
		};
		DE3405452DF80597007919D8 /* Baekjoon */ = {
			isa = PBXGroup;
			children = (
				DEF107012DFAFC6E00C6884D /* BFSandDFS.swift */,
				DEF107182DFB0EEE00C6884D /* 미로탐색.swift */,
				DEF107242DFE4A8700C6884D /* 부분수열의 합.swift */,
				DEB434212E2CA9570052C52D /* 프린터큐.swift */,
			);
			path = Baekjoon;
			sourceTree = "<group>";
		};
		DE39671927CB339C00896E4B /* LeetCode */ = {
			isa = PBXGroup;
			children = (
				DE47D48C2803211900082AEB /* Array */,
				DE6DF1972803B9BC009CCD4C /* Graph */,
				DE47D4862803211500082AEB /* LinkedList */,
				DE47D4802803210700082AEB /* Stack */,
				DE47D47A2803210000082AEB /* Queue */,
				DE9353CB27F20BBF00D3A172 /* Heap */,
				DE01D13327EA1B0100F611CB /* Tree */,
				DE44547627E7704900D13EF5 /* Binary Search */,
				DE94B9C827CD1B4F00CA4517 /* Sorting */,
			);
			path = LeetCode;
			sourceTree = "<group>";
		};
		DE44547627E7704900D13EF5 /* Binary Search */ = {
			isa = PBXGroup;
			children = (
				DE44547727E7707700D13EF5 /* CountNegativeNumbersInASortedMatrix.swift */,
				DEAE81AF27E8B8F600667AFA /* TheKWeakestRowsInAMatrix.swift */,
			);
			path = "Binary Search";
			sourceTree = "<group>";
		};
		DE47D4602803206800082AEB /* Programmers */ = {
			isa = PBXGroup;
			children = (
				DEF107262DFE5D6900C6884D /* Graph */,
				DE47D479280320D300082AEB /* level1 */,
			);
			path = Programmers;
			sourceTree = "<group>";
		};
		DE47D479280320D300082AEB /* level1 */ = {
			isa = PBXGroup;
			children = (
				DE47D4612803208800082AEB /* drawSquare.swift */,
				DE47D4632803208F00082AEB /* makeCommonMultipleNumber.swift */,
				DE47D4652803209500082AEB /* sumMatrix.swift */,
				DE47D4672803209A00082AEB /* hidePhoneNumber.swift */,
				DE47D4692803209F00082AEB /* HashadNumber.swift */,
				DE47D46B280320A400082AEB /* CalculateAverage.swift */,
				DE47D46D280320A900082AEB /* CollazSpectation.swift */,
				DE47D46F280320AE00082AEB /* GCDLCM.swift */,
				DE47D471280320B200082AEB /* InspectEvenOrOdd.swift */,
				DE47D473280320B700082AEB /* RemoveMinimumValue.swift */,
				DE47D475280320BB00082AEB /* FindRoot.swift */,
				DE47D477280320C000082AEB /* ArrangeNumber.swift */,
				DE7C0DD828087C3400530243 /* 신고 결과 받기.swift */,
				DE821645280C47D9006E3358 /* 신규 아이디 추천.swift */,
				DED556DF280D7102006918E2 /* 숫자 문자열과 영단어.swift */,
				DE8AE6DE280F984C0037D636 /* 다트 게임.swift */,
				DED556E1280D9B00006918E2 /* 부족한 금액 계산하기.swift */,
				DE723BF32815215400C588B7 /* 체육복.swift */,
			);
			path = level1;
			sourceTree = "<group>";
		};
		DE47D47A2803210000082AEB /* Queue */ = {
			isa = PBXGroup;
			children = (
				DE47D47B2803210000082AEB /* NumberOfStudentsUnableToEatLunch.swift */,
				DE47D47C2803210000082AEB /* ImplementStackUsingQueues.swift */,
				DE47D47D2803210000082AEB /* TimeNeededToBuyTickets.swift */,
				DE47D47E2803210000082AEB /* ImplementQueueUsingStack.swift */,
				DE47D47F2803210000082AEB /* NumberOfRecentCalls.swift */,
			);
			path = Queue;
			sourceTree = "<group>";
		};
		DE47D4802803210700082AEB /* Stack */ = {
			isa = PBXGroup;
			children = (
				DE47D4812803210700082AEB /* MaximumNestingDepthOfTheParentheses.swift */,
				DE47D4822803210700082AEB /* BuildAnArrayWithStackOperations.swift */,
				DE47D4832803210700082AEB /* FinalPricesWithASpecialDiscountInAShop.swift */,
				DE47D4842803210700082AEB /* RemoveOutermostParentheses.swift */,
				DE47D4852803210700082AEB /* RemoveAllAdjacentDuplicatesInString.swift */,
			);
			path = Stack;
			sourceTree = "<group>";
		};
		DE47D4862803211500082AEB /* LinkedList */ = {
			isa = PBXGroup;
			children = (
				DE47D4872803211500082AEB /* MergeTwoSortedLists.swift */,
				DE47D4882803211500082AEB /* MiddleOfTheLinkedList.swift */,
				DE47D4892803211500082AEB /* ConvertBinaryNumberInALinkedListToInteger.swift */,
				DE47D48A2803211500082AEB /* DeleteNodeInALinkedList.swift */,
				DE47D48B2803211500082AEB /* ReverseLinkedList.swift */,
			);
			path = LinkedList;
			sourceTree = "<group>";
		};
		DE47D48C2803211900082AEB /* Array */ = {
			isa = PBXGroup;
			children = (
				DE47D48D2803211900082AEB /* RunningSumOf1DArray.swift */,
				DE47D48E2803211900082AEB /* ConcatenationOfArray.swift */,
				DE47D48F2803211900082AEB /* FinalValueOfVariableAfterPerformingOperations.swift */,
				DE47D4902803211900082AEB /* BuildArrayFromPermutation.swift */,
				DE47D4912803211900082AEB /* MaximumNumberOfWordsFoundInSentence.swift */,
			);
			path = Array;
			sourceTree = "<group>";
		};
		DE6DF1972803B9BC009CCD4C /* Graph */ = {
			isa = PBXGroup;
			children = (
				DE6DF1982803BA43009CCD4C /* FindCenterOfStarGraph.swift */,
				DEDBFC562809445700B5D1E4 /* FindIfPathExistsInGraph.swift */,
				DEDBFC54280931A400B5D1E4 /* FindTheTownJudge.swift */,
			);
			path = Graph;
			sourceTree = "<group>";
		};
		DE9353CB27F20BBF00D3A172 /* Heap */ = {
			isa = PBXGroup;
			children = (
				DE9353CC27F20BE100D3A172 /* MaximumProductOfTwoElementsInAnArray.swift */,
				DE9353CE27F2101800D3A172 /* LastStoneWeight.swift */,
				DE9353D027F2120600D3A172 /* RelativeRanks.swift */,
			);
			path = Heap;
			sourceTree = "<group>";
		};
		DE94B9C827CD1B4F00CA4517 /* Sorting */ = {
			isa = PBXGroup;
			children = (
				DE94B9C927CD1B5F00CA4517 /* MinimumNumberOfMovesToSeatEveryone.swift */,
				DE318E0927CD1F6B00C78F0A /* MaximumProductDifferenceBetweenTwoPairs.swift */,
				DE47D71327CDC34600E727F3 /* FindTargetIndicesAfterSortingArray .swift */,
				DE47D71727CDC6D200E727F3 /* ArrayPartition1.swift */,
			);
			path = Sorting;
			sourceTree = "<group>";
		};
		DEF107262DFE5D6900C6884D /* Graph */ = {
			isa = PBXGroup;
			children = (
				DEF107272DFE5D7300C6884D /* 타겟넘버.swift */,
				DEF107292DFE9F7100C6884D /* 네트워크.swift */,
				DEF107512E02E38A00C6884D /* 단어변환.swift */,
				DECDE8942E12B16F005B6BC2 /* 배달.swift */,
			);
			path = Graph;
			sourceTree = "<group>";
		};
		OBJ_11 /* Products */ = {
			isa = PBXGroup;
			children = (
				"DataStructures::DataStructuresTests::Product" /* DataStructuresTests.xctest */,
				"DataStructures::DataStructures::Product" /* DataStructures.framework */,
			);
			name = Products;
			sourceTree = BUILT_PRODUCTS_DIR;
		};
		OBJ_5 = {
			isa = PBXGroup;
			children = (
				OBJ_6 /* Package.swift */,
				DE3405452DF80597007919D8 /* Baekjoon */,
				DE47D4602803206800082AEB /* Programmers */,
				DE39671927CB339C00896E4B /* LeetCode */,
				OBJ_7 /* Sources */,
				OBJ_9 /* Tests */,
				OBJ_11 /* Products */,
			);
			sourceTree = "<group>";
		};
		OBJ_7 /* Sources */ = {
			isa = PBXGroup;
			children = (
				0ABC822D21E86A5A0008D749 /* Stack.swift */,
				DE9E433127BA8B2800A6B21E /* Queue.swift */,
				DE3DF77D27BF39DA003D8CB3 /* SortingAlgorithms.swift */,
				DE27718027CB09880023ACA2 /* MergeSort.swift */,
				DE4513AC27D734B400D243FA /* BinaryTree.swift */,
				DED7F50A27DF25E100B0D46A /* BinarySearch.swift */,
				DE9353C527F2026F00D3A172 /* Heap.swift */,
				DE47D45E28031DAE00082AEB /* Graph.swift */,
				DE3405432DF80501007919D8 /* Graph+AdjacencyList.swift */,
				DE6DF1A2280451FB009CCD4C /* AdjancencyList.swift */,
			);
			path = Sources;
			sourceTree = SOURCE_ROOT;
		};
		OBJ_9 /* Tests */ = {
			isa = PBXGroup;
			children = (
				0ABC822F21E86AB20008D749 /* StackTestCase.swift */,
				DE9E433327BA8DC200A6B21E /* QueueTestCase.swift */,
				DE9E432F27BA854800A6B21E /* ChallengeTestCase.swift */,
				DE8D4AD327BBE7A800E5C6A9 /* ChallengeTestCaseQueue.swift */,
				DE3DF77F27BF3CE3003D8CB3 /* SortingTestCase.swift */,
				DE4513AE27D735EE00D243FA /* BinaryTreeTestCase.swift */,
				DED7F50C27DF2BC800B0D46A /* BinarySearchTestCase.swift */,
				DE9353C927F2084000D3A172 /* HeapTestCase.swift */,
				DE6DF1A428045213009CCD4C /* AdjacencyListTestCase.swift */,
			);
			path = Tests;
			sourceTree = SOURCE_ROOT;
		};
/* End PBXGroup section */

/* Begin PBXNativeTarget section */
		"DataStructures::DataStructures" /* DataStructures */ = {
			isa = PBXNativeTarget;
			buildConfigurationList = OBJ_15 /* Build configuration list for PBXNativeTarget "DataStructures" */;
			buildPhases = (
				OBJ_18 /* Sources */,
				OBJ_20 /* Frameworks */,
			);
			buildRules = (
			);
			dependencies = (
			);
			name = DataStructures;
			productName = DataStructures;
			productReference = "DataStructures::DataStructures::Product" /* DataStructures.framework */;
			productType = "com.apple.product-type.framework";
		};
		"DataStructures::DataStructuresTests" /* DataStructuresTests */ = {
			isa = PBXNativeTarget;
			buildConfigurationList = OBJ_33 /* Build configuration list for PBXNativeTarget "DataStructuresTests" */;
			buildPhases = (
				OBJ_36 /* Sources */,
				OBJ_38 /* Frameworks */,
			);
			buildRules = (
			);
			dependencies = (
				OBJ_40 /* PBXTargetDependency */,
			);
			name = DataStructuresTests;
			productName = DataStructuresTests;
			productReference = "DataStructures::DataStructuresTests::Product" /* DataStructuresTests.xctest */;
			productType = "com.apple.product-type.bundle.unit-test";
		};
		"DataStructures::SwiftPMPackageDescription" /* DataStructuresPackageDescription */ = {
			isa = PBXNativeTarget;
			buildConfigurationList = OBJ_22 /* Build configuration list for PBXNativeTarget "DataStructuresPackageDescription" */;
			buildPhases = (
				OBJ_25 /* Sources */,
			);
			buildRules = (
			);
			dependencies = (
			);
			name = DataStructuresPackageDescription;
			productName = DataStructuresPackageDescription;
			productType = "com.apple.product-type.framework";
		};
/* End PBXNativeTarget section */

/* Begin PBXProject section */
		OBJ_1 /* Project object */ = {
			isa = PBXProject;
			attributes = {
				LastUpgradeCheck = 9999;
			};
			buildConfigurationList = OBJ_2 /* Build configuration list for PBXProject "DataStructures" */;
			compatibilityVersion = "Xcode 3.2";
			developmentRegion = English;
			hasScannedForEncodings = 0;
			knownRegions = (
				English,
				en,
			);
			mainGroup = OBJ_5;
			productRefGroup = OBJ_11 /* Products */;
			projectDirPath = "";
			projectRoot = "";
			targets = (
				"DataStructures::DataStructures" /* DataStructures */,
				"DataStructures::SwiftPMPackageDescription" /* DataStructuresPackageDescription */,
				"DataStructures::DataStructuresPackageTests::ProductTarget" /* DataStructuresPackageTests */,
				"DataStructures::DataStructuresTests" /* DataStructuresTests */,
			);
		};
/* End PBXProject section */

/* Begin PBXSourcesBuildPhase section */
		OBJ_18 /* Sources */ = {
			isa = PBXSourcesBuildPhase;
			buildActionMask = 0;
			files = (
				0ABC822E21E86A5A0008D749 /* Stack.swift in Sources */,
				DE47D4662803209500082AEB /* sumMatrix.swift in Sources */,
				DE47D46C280320A400082AEB /* CalculateAverage.swift in Sources */,
				DE47D478280320C000082AEB /* ArrangeNumber.swift in Sources */,
				DED556E2280D9B00006918E2 /* 부족한 금액 계산하기.swift in Sources */,
				DEB434222E2CA9570052C52D /* 프린터큐.swift in Sources */,
				DE821646280C47D9006E3358 /* 신규 아이디 추천.swift in Sources */,
				DEDBFC55280931A500B5D1E4 /* FindTheTownJudge.swift in Sources */,
				DE94B9CA27CD1B5F00CA4517 /* MinimumNumberOfMovesToSeatEveryone.swift in Sources */,
				DE47D71827CDC6D200E727F3 /* ArrayPartition1.swift in Sources */,
				DE47D476280320BB00082AEB /* FindRoot.swift in Sources */,
				DE723BF42815215400C588B7 /* 체육복.swift in Sources */,
				DE9E433227BA8B2800A6B21E /* Queue.swift in Sources */,
				DED7F50B27DF25E100B0D46A /* BinarySearch.swift in Sources */,
				DE47D4642803208F00082AEB /* makeCommonMultipleNumber.swift in Sources */,
				DE9353CF27F2101800D3A172 /* LastStoneWeight.swift in Sources */,
				DE47D45F28031DAE00082AEB /* Graph.swift in Sources */,
				DE47D474280320B700082AEB /* RemoveMinimumValue.swift in Sources */,
				DE9353CD27F20BE100D3A172 /* MaximumProductOfTwoElementsInAnArray.swift in Sources */,
				DECDE8952E12B16F005B6BC2 /* 배달.swift in Sources */,
				DE3405442DF80501007919D8 /* Graph+AdjacencyList.swift in Sources */,
				DEF107022DFAFC6E00C6884D /* BFSandDFS.swift in Sources */,
				DE47D4622803208800082AEB /* drawSquare.swift in Sources */,
				DED556E0280D7102006918E2 /* 숫자 문자열과 영단어.swift in Sources */,
				DE47D46E280320A900082AEB /* CollazSpectation.swift in Sources */,
				DE44547827E7707700D13EF5 /* CountNegativeNumbersInASortedMatrix.swift in Sources */,
				DE47D71427CDC34600E727F3 /* FindTargetIndicesAfterSortingArray .swift in Sources */,
				DE4513AD27D734B400D243FA /* BinaryTree.swift in Sources */,
				DE27718127CB09880023ACA2 /* MergeSort.swift in Sources */,
				DE01D13527EA1B0F00F611CB /* RangeSumOfBST.swift in Sources */,
				DEAE81B027E8B8F600667AFA /* TheKWeakestRowsInAMatrix.swift in Sources */,
				DE318E0A27CD1F6B00C78F0A /* MaximumProductDifferenceBetweenTwoPairs.swift in Sources */,
				DEF1072A2DFE9F7100C6884D /* 네트워크.swift in Sources */,
				DEDBFC572809445700B5D1E4 /* FindIfPathExistsInGraph.swift in Sources */,
				DEF107282DFE5D7300C6884D /* 타겟넘버.swift in Sources */,
				DE3DF77E27BF39DA003D8CB3 /* SortingAlgorithms.swift in Sources */,
				DE6DF1992803BA43009CCD4C /* FindCenterOfStarGraph.swift in Sources */,
				DEF107522E02E38A00C6884D /* 단어변환.swift in Sources */,
				DE47D470280320AE00082AEB /* GCDLCM.swift in Sources */,
				DEF107192DFB0EEE00C6884D /* 미로탐색.swift in Sources */,
				DE47D46A2803209F00082AEB /* HashadNumber.swift in Sources */,
				DEF107252DFE4A8700C6884D /* 부분수열의 합.swift in Sources */,
				DE6DF1A3280451FB009CCD4C /* AdjancencyList.swift in Sources */,
				DE47D4682803209A00082AEB /* hidePhoneNumber.swift in Sources */,
				DE8AE6DF280F984C0037D636 /* 다트 게임.swift in Sources */,
				DE9353D127F2120700D3A172 /* RelativeRanks.swift in Sources */,
				DE7C0DD928087C3400530243 /* 신고 결과 받기.swift in Sources */,
				DE9353C627F2026F00D3A172 /* Heap.swift in Sources */,
				DE47D472280320B200082AEB /* InspectEvenOrOdd.swift in Sources */,
			);
			runOnlyForDeploymentPostprocessing = 0;
		};
		OBJ_25 /* Sources */ = {
			isa = PBXSourcesBuildPhase;
			buildActionMask = 0;
			files = (
				OBJ_26 /* Package.swift in Sources */,
			);
			runOnlyForDeploymentPostprocessing = 0;
		};
		OBJ_36 /* Sources */ = {
			isa = PBXSourcesBuildPhase;
			buildActionMask = 0;
			files = (
				DE9353CA27F2084000D3A172 /* HeapTestCase.swift in Sources */,
				DE4513AF27D735EE00D243FA /* BinaryTreeTestCase.swift in Sources */,
				DE4513B027D7360600D243FA /* BinaryTree.swift in Sources */,
				0ABC823121E86AC90008D749 /* StackTestCase.swift in Sources */,
				DE9E433027BA854800A6B21E /* ChallengeTestCase.swift in Sources */,
				DED7F50D27DF2BC800B0D46A /* BinarySearchTestCase.swift in Sources */,
				DE6DF1A528045213009CCD4C /* AdjacencyListTestCase.swift in Sources */,
				DE3DF78027BF3CE3003D8CB3 /* SortingTestCase.swift in Sources */,
				DE9E433427BA8DC200A6B21E /* QueueTestCase.swift in Sources */,
				DE8D4AD427BBE7A800E5C6A9 /* ChallengeTestCaseQueue.swift in Sources */,
			);
			runOnlyForDeploymentPostprocessing = 0;
		};
/* End PBXSourcesBuildPhase section */

/* Begin PBXTargetDependency section */
		OBJ_31 /* PBXTargetDependency */ = {
			isa = PBXTargetDependency;
			target = "DataStructures::DataStructuresTests" /* DataStructuresTests */;
			targetProxy = 0ABC822C21E86A4C0008D749 /* PBXContainerItemProxy */;
		};
		OBJ_40 /* PBXTargetDependency */ = {
			isa = PBXTargetDependency;
			target = "DataStructures::DataStructures" /* DataStructures */;
			targetProxy = 0ABC822B21E86A4B0008D749 /* PBXContainerItemProxy */;
		};
/* End PBXTargetDependency section */

/* Begin XCBuildConfiguration section */
		OBJ_16 /* Debug */ = {
			isa = XCBuildConfiguration;
			buildSettings = {
				ENABLE_TESTABILITY = YES;
				FRAMEWORK_SEARCH_PATHS = (
					"$(inherited)",
					"$(PLATFORM_DIR)/Developer/Library/Frameworks",
				);
				HEADER_SEARCH_PATHS = "$(inherited)";
				INFOPLIST_FILE = DataStructures.xcodeproj/DataStructures_Info.plist;
				LD_RUNPATH_SEARCH_PATHS = "$(inherited) $(TOOLCHAIN_DIR)/usr/lib/swift/macosx";
				OTHER_CFLAGS = "$(inherited)";
				OTHER_LDFLAGS = "$(inherited)";
				OTHER_SWIFT_FLAGS = "$(inherited)";
				PRODUCT_BUNDLE_IDENTIFIER = DataStructures;
				PRODUCT_MODULE_NAME = "$(TARGET_NAME:c99extidentifier)";
				PRODUCT_NAME = "$(TARGET_NAME:c99extidentifier)";
				SKIP_INSTALL = YES;
				SWIFT_ACTIVE_COMPILATION_CONDITIONS = "$(inherited)";
				SWIFT_VERSION = 4.2;
				TARGET_NAME = DataStructures;
			};
			name = Debug;
		};
		OBJ_17 /* Release */ = {
			isa = XCBuildConfiguration;
			buildSettings = {
				ENABLE_TESTABILITY = YES;
				FRAMEWORK_SEARCH_PATHS = (
					"$(inherited)",
					"$(PLATFORM_DIR)/Developer/Library/Frameworks",
				);
				HEADER_SEARCH_PATHS = "$(inherited)";
				INFOPLIST_FILE = DataStructures.xcodeproj/DataStructures_Info.plist;
				LD_RUNPATH_SEARCH_PATHS = "$(inherited) $(TOOLCHAIN_DIR)/usr/lib/swift/macosx";
				OTHER_CFLAGS = "$(inherited)";
				OTHER_LDFLAGS = "$(inherited)";
				OTHER_SWIFT_FLAGS = "$(inherited)";
				PRODUCT_BUNDLE_IDENTIFIER = DataStructures;
				PRODUCT_MODULE_NAME = "$(TARGET_NAME:c99extidentifier)";
				PRODUCT_NAME = "$(TARGET_NAME:c99extidentifier)";
				SKIP_INSTALL = YES;
				SWIFT_ACTIVE_COMPILATION_CONDITIONS = "$(inherited)";
				SWIFT_VERSION = 4.2;
				TARGET_NAME = DataStructures;
			};
			name = Release;
		};
		OBJ_23 /* Debug */ = {
			isa = XCBuildConfiguration;
			buildSettings = {
				LD = /usr/bin/true;
				OTHER_SWIFT_FLAGS = "-swift-version 4.2 -I $(TOOLCHAIN_DIR)/usr/lib/swift/pm/4_2 -target x86_64-apple-macosx10.10 -sdk /Applications/Xcode.app/Contents/Developer/Platforms/MacOSX.platform/Developer/SDKs/MacOSX10.14.sdk";
				SWIFT_VERSION = 4.2;
			};
			name = Debug;
		};
		OBJ_24 /* Release */ = {
			isa = XCBuildConfiguration;
			buildSettings = {
				LD = /usr/bin/true;
				OTHER_SWIFT_FLAGS = "-swift-version 4.2 -I $(TOOLCHAIN_DIR)/usr/lib/swift/pm/4_2 -target x86_64-apple-macosx10.10 -sdk /Applications/Xcode.app/Contents/Developer/Platforms/MacOSX.platform/Developer/SDKs/MacOSX10.14.sdk";
				SWIFT_VERSION = 4.2;
			};
			name = Release;
		};
		OBJ_29 /* Debug */ = {
			isa = XCBuildConfiguration;
			buildSettings = {
			};
			name = Debug;
		};
		OBJ_3 /* Debug */ = {
			isa = XCBuildConfiguration;
			buildSettings = {
				CLANG_ENABLE_OBJC_ARC = YES;
				COMBINE_HIDPI_IMAGES = YES;
				COPY_PHASE_STRIP = NO;
				DEBUG_INFORMATION_FORMAT = dwarf;
				DYLIB_INSTALL_NAME_BASE = "@rpath";
				ENABLE_NS_ASSERTIONS = YES;
				GCC_OPTIMIZATION_LEVEL = 0;
				GCC_PREPROCESSOR_DEFINITIONS = (
					"DEBUG=1",
					"$(inherited)",
				);
				MACOSX_DEPLOYMENT_TARGET = 10.10;
				ONLY_ACTIVE_ARCH = YES;
				OTHER_SWIFT_FLAGS = "-DXcode";
				PRODUCT_NAME = "$(TARGET_NAME)";
				SDKROOT = macosx;
				SUPPORTED_PLATFORMS = "macosx iphoneos iphonesimulator appletvos appletvsimulator watchos watchsimulator";
				SWIFT_ACTIVE_COMPILATION_CONDITIONS = "SWIFT_PACKAGE DEBUG";
				SWIFT_OPTIMIZATION_LEVEL = "-Onone";
				USE_HEADERMAP = NO;
			};
			name = Debug;
		};
		OBJ_30 /* Release */ = {
			isa = XCBuildConfiguration;
			buildSettings = {
			};
			name = Release;
		};
		OBJ_34 /* Debug */ = {
			isa = XCBuildConfiguration;
			buildSettings = {
				CLANG_ENABLE_MODULES = YES;
				EMBEDDED_CONTENT_CONTAINS_SWIFT = YES;
				FRAMEWORK_SEARCH_PATHS = (
					"$(inherited)",
					"$(PLATFORM_DIR)/Developer/Library/Frameworks",
				);
				HEADER_SEARCH_PATHS = "$(inherited)";
				INFOPLIST_FILE = DataStructures.xcodeproj/DataStructuresTests_Info.plist;
				LD_RUNPATH_SEARCH_PATHS = "$(inherited) @loader_path/../Frameworks @loader_path/Frameworks";
				OTHER_CFLAGS = "$(inherited)";
				OTHER_LDFLAGS = "$(inherited)";
				OTHER_SWIFT_FLAGS = "$(inherited)";
				SWIFT_ACTIVE_COMPILATION_CONDITIONS = "$(inherited)";
				SWIFT_VERSION = 4.2;
				TARGET_NAME = DataStructuresTests;
			};
			name = Debug;
		};
		OBJ_35 /* Release */ = {
			isa = XCBuildConfiguration;
			buildSettings = {
				CLANG_ENABLE_MODULES = YES;
				EMBEDDED_CONTENT_CONTAINS_SWIFT = YES;
				FRAMEWORK_SEARCH_PATHS = (
					"$(inherited)",
					"$(PLATFORM_DIR)/Developer/Library/Frameworks",
				);
				HEADER_SEARCH_PATHS = "$(inherited)";
				INFOPLIST_FILE = DataStructures.xcodeproj/DataStructuresTests_Info.plist;
				LD_RUNPATH_SEARCH_PATHS = "$(inherited) @loader_path/../Frameworks @loader_path/Frameworks";
				OTHER_CFLAGS = "$(inherited)";
				OTHER_LDFLAGS = "$(inherited)";
				OTHER_SWIFT_FLAGS = "$(inherited)";
				SWIFT_ACTIVE_COMPILATION_CONDITIONS = "$(inherited)";
				SWIFT_VERSION = 4.2;
				TARGET_NAME = DataStructuresTests;
			};
			name = Release;
		};
		OBJ_4 /* Release */ = {
			isa = XCBuildConfiguration;
			buildSettings = {
				CLANG_ENABLE_OBJC_ARC = YES;
				COMBINE_HIDPI_IMAGES = YES;
				COPY_PHASE_STRIP = YES;
				DEBUG_INFORMATION_FORMAT = "dwarf-with-dsym";
				DYLIB_INSTALL_NAME_BASE = "@rpath";
				GCC_OPTIMIZATION_LEVEL = s;
				MACOSX_DEPLOYMENT_TARGET = 10.10;
				OTHER_SWIFT_FLAGS = "-DXcode";
				PRODUCT_NAME = "$(TARGET_NAME)";
				SDKROOT = macosx;
				SUPPORTED_PLATFORMS = "macosx iphoneos iphonesimulator appletvos appletvsimulator watchos watchsimulator";
				SWIFT_ACTIVE_COMPILATION_CONDITIONS = SWIFT_PACKAGE;
				SWIFT_OPTIMIZATION_LEVEL = "-Owholemodule";
				USE_HEADERMAP = NO;
			};
			name = Release;
		};
/* End XCBuildConfiguration section */

/* Begin XCConfigurationList section */
		OBJ_15 /* Build configuration list for PBXNativeTarget "DataStructures" */ = {
			isa = XCConfigurationList;
			buildConfigurations = (
				OBJ_16 /* Debug */,
				OBJ_17 /* Release */,
			);
			defaultConfigurationIsVisible = 0;
			defaultConfigurationName = Release;
		};
		OBJ_2 /* Build configuration list for PBXProject "DataStructures" */ = {
			isa = XCConfigurationList;
			buildConfigurations = (
				OBJ_3 /* Debug */,
				OBJ_4 /* Release */,
			);
			defaultConfigurationIsVisible = 0;
			defaultConfigurationName = Release;
		};
		OBJ_22 /* Build configuration list for PBXNativeTarget "DataStructuresPackageDescription" */ = {
			isa = XCConfigurationList;
			buildConfigurations = (
				OBJ_23 /* Debug */,
				OBJ_24 /* Release */,
			);
			defaultConfigurationIsVisible = 0;
			defaultConfigurationName = Release;
		};
		OBJ_28 /* Build configuration list for PBXAggregateTarget "DataStructuresPackageTests" */ = {
			isa = XCConfigurationList;
			buildConfigurations = (
				OBJ_29 /* Debug */,
				OBJ_30 /* Release */,
			);
			defaultConfigurationIsVisible = 0;
			defaultConfigurationName = Release;
		};
		OBJ_33 /* Build configuration list for PBXNativeTarget "DataStructuresTests" */ = {
			isa = XCConfigurationList;
			buildConfigurations = (
				OBJ_34 /* Debug */,
				OBJ_35 /* Release */,
			);
			defaultConfigurationIsVisible = 0;
			defaultConfigurationName = Release;
		};
/* End XCConfigurationList section */
	};
	rootObject = OBJ_1 /* Project object */;
}
